
Microsoft Visual Studio Solution File, Format Version 12.00
# Visual Studio Version 17
VisualStudioVersion = 17.4.33213.308
MinimumVisualStudioVersion = 10.0.40219.1
Project("{FAE04EC0-301F-11D3-BF4B-00C04F79EFBC}") = "Crud", "Crud.csproj", "{261CBD5A-AA6A-4B16-BF1E-BC5D4D208B3B}"
EndProject
Global
	GlobalSection(SolutionConfigurationPlatforms) = preSolution
		Debug|Any CPU = Debug|Any CPU
		Release|Any CPU = Release|Any CPU
	EndGlobalSection
	GlobalSection(ProjectConfigurationPlatforms) = postSolution
		{261CBD5A-AA6A-4B16-BF1E-BC5D4D208B3B}.Debug|Any CPU.ActiveCfg = Debug|Any CPU
		{261CBD5A-AA6A-4B16-BF1E-BC5D4D208B3B}.Debug|Any CPU.Build.0 = Debug|Any CPU
		{261CBD5A-AA6A-4B16-BF1E-BC5D4D208B3B}.Release|Any CPU.ActiveCfg = Release|Any CPU
		{261CBD5A-AA6A-4B16-BF1E-BC5D4D208B3B}.Release|Any CPU.Build.0 = Release|Any CPU
	EndGlobalSection
	GlobalSection(SolutionProperties) = preSolution
		HideSolutionNode = FALSE
	EndGlobalSection
	GlobalSection(ExtensibilityGlobals) = postSolution
		SolutionGuid = {0E87E624-3C13-404E-935F-23D6904FAC63}
	EndGlobalSection
EndGlobal
